
Microsoft Visual Studio Solution File, Format Version 12.00
# Visual Studio Version 17
VisualStudioVersion = 17.11.35219.272
MinimumVisualStudioVersion = 10.0.40219.1
Project("{9A19103F-16F7-4668-BE54-9A1E7A4F7556}") = "vh-function-2", "vh-function-2.csproj", "{274A684D-64A3-4E6D-B374-1FF3E3231808}"
EndProject
Global
	GlobalSection(SolutionConfigurationPlatforms) = preSolution
		Debug|Any CPU = Debug|Any CPU
		Release|Any CPU = Release|Any CPU
	EndGlobalSection
	GlobalSection(ProjectConfigurationPlatforms) = postSolution
		{274A684D-64A3-4E6D-B374-1FF3E3231808}.Debug|Any CPU.ActiveCfg = Debug|Any CPU
		{274A684D-64A3-4E6D-B374-1FF3E3231808}.Debug|Any CPU.Build.0 = Debug|Any CPU
		{274A684D-64A3-4E6D-B374-1FF3E3231808}.Release|Any CPU.ActiveCfg = Release|Any CPU
		{274A684D-64A3-4E6D-B374-1FF3E3231808}.Release|Any CPU.Build.0 = Release|Any CPU
	EndGlobalSection
	GlobalSection(SolutionProperties) = preSolution
		HideSolutionNode = FALSE
	EndGlobalSection
	GlobalSection(ExtensibilityGlobals) = postSolution
		SolutionGuid = {24CB2553-3864-4065-9083-93156D459D3B}
	EndGlobalSection
EndGlobal
